// !$*UTF8*$!
{
	archiveVersion = 1;
	classes = {
	};
	objectVersion = 46;
	objects = {

/* Begin PBXBuildFile section */
		600259641D5189C80079397A /* main.m in Sources */ = {isa = PBXBuildFile; fileRef = 600259631D5189C80079397A /* main.m */; };
		600259671D5189C80079397A /* AppDelegate.m in Sources */ = {isa = PBXBuildFile; fileRef = 600259661D5189C80079397A /* AppDelegate.m */; };
		6002596A1D5189C80079397A /* ViewController.m in Sources */ = {isa = PBXBuildFile; fileRef = 600259691D5189C80079397A /* ViewController.m */; };
		6002596D1D5189C80079397A /* Main.storyboard in Resources */ = {isa = PBXBuildFile; fileRef = 6002596B1D5189C80079397A /* Main.storyboard */; };
		6002596F1D5189C90079397A /* Assets.xcassets in Resources */ = {isa = PBXBuildFile; fileRef = 6002596E1D5189C90079397A /* Assets.xcassets */; };
		600259721D5189C90079397A /* LaunchScreen.storyboard in Resources */ = {isa = PBXBuildFile; fileRef = 600259701D5189C90079397A /* LaunchScreen.storyboard */; };
		600259A71D518A930079397A /* CropImageViewController.m in Sources */ = {isa = PBXBuildFile; fileRef = 600259A51D518A930079397A /* CropImageViewController.m */; };
		600259A81D518A930079397A /* CropImageViewController.xib in Resources */ = {isa = PBXBuildFile; fileRef = 600259A61D518A930079397A /* CropImageViewController.xib */; };
		605C920D1D53153200BCF58F /* TKImageView.m in Sources */ = {isa = PBXBuildFile; fileRef = 605C920C1D53153200BCF58F /* TKImageView.m */; };
		60DAA0321E21DBBA00C1CC19 /* CropResultViewController.m in Sources */ = {isa = PBXBuildFile; fileRef = 60DAA0301E21DBBA00C1CC19 /* CropResultViewController.m */; };
		60DAA0331E21DBBA00C1CC19 /* CropResultViewController.xib in Resources */ = {isa = PBXBuildFile; fileRef = 60DAA0311E21DBBA00C1CC19 /* CropResultViewController.xib */; };
/* End PBXBuildFile section */

/* Begin PBXFileReference section */
		6002595F1D5189C80079397A /* TKImageViewDemo.app */ = {isa = PBXFileReference; explicitFileType = wrapper.application; includeInIndex = 0; path = TKImageViewDemo.app; sourceTree = BUILT_PRODUCTS_DIR; };
		600259631D5189C80079397A /* main.m */ = {isa = PBXFileReference; lastKnownFileType = sourcecode.c.objc; path = main.m; sourceTree = "<group>"; };
		600259651D5189C80079397A /* AppDelegate.h */ = {isa = PBXFileReference; lastKnownFileType = sourcecode.c.h; path = AppDelegate.h; sourceTree = "<group>"; };
		600259661D5189C80079397A /* AppDelegate.m */ = {isa = PBXFileReference; lastKnownFileType = sourcecode.c.objc; path = AppDelegate.m; sourceTree = "<group>"; };
		600259681D5189C80079397A /* ViewController.h */ = {isa = PBXFileReference; lastKnownFileType = sourcecode.c.h; path = ViewController.h; sourceTree = "<group>"; };
		600259691D5189C80079397A /* ViewController.m */ = {isa = PBXFileReference; lastKnownFileType = sourcecode.c.objc; path = ViewController.m; sourceTree = "<group>"; };
		6002596C1D5189C80079397A /* Base */ = {isa = PBXFileReference; lastKnownFileType = file.storyboard; name = Base; path = Base.lproj/Main.storyboard; sourceTree = "<group>"; };
		6002596E1D5189C90079397A /* Assets.xcassets */ = {isa = PBXFileReference; lastKnownFileType = folder.assetcatalog; path = Assets.xcassets; sourceTree = "<group>"; };
		600259711D5189C90079397A /* Base */ = {isa = PBXFileReference; lastKnownFileType = file.storyboard; name = Base; path = Base.lproj/LaunchScreen.storyboard; sourceTree = "<group>"; };
		600259731D5189C90079397A /* Info.plist */ = {isa = PBXFileReference; lastKnownFileType = text.plist.xml; path = Info.plist; sourceTree = "<group>"; };
		600259A41D518A930079397A /* CropImageViewController.h */ = {isa = PBXFileReference; fileEncoding = 4; lastKnownFileType = sourcecode.c.h; path = CropImageViewController.h; sourceTree = "<group>"; };
		600259A51D518A930079397A /* CropImageViewController.m */ = {isa = PBXFileReference; fileEncoding = 4; lastKnownFileType = sourcecode.c.objc; path = CropImageViewController.m; sourceTree = "<group>"; };
		600259A61D518A930079397A /* CropImageViewController.xib */ = {isa = PBXFileReference; fileEncoding = 4; lastKnownFileType = file.xib; path = CropImageViewController.xib; sourceTree = "<group>"; };
		605C920B1D53153200BCF58F /* TKImageView.h */ = {isa = PBXFileReference; fileEncoding = 4; lastKnownFileType = sourcecode.c.h; path = TKImageView.h; sourceTree = "<group>"; };
		605C920C1D53153200BCF58F /* TKImageView.m */ = {isa = PBXFileReference; fileEncoding = 4; lastKnownFileType = sourcecode.c.objc; path = TKImageView.m; sourceTree = "<group>"; };
		60DAA02F1E21DBBA00C1CC19 /* CropResultViewController.h */ = {isa = PBXFileReference; fileEncoding = 4; lastKnownFileType = sourcecode.c.h; path = CropResultViewController.h; sourceTree = "<group>"; };
		60DAA0301E21DBBA00C1CC19 /* CropResultViewController.m */ = {isa = PBXFileReference; fileEncoding = 4; lastKnownFileType = sourcecode.c.objc; path = CropResultViewController.m; sourceTree = "<group>"; };
		60DAA0311E21DBBA00C1CC19 /* CropResultViewController.xib */ = {isa = PBXFileReference; fileEncoding = 4; lastKnownFileType = file.xib; path = CropResultViewController.xib; sourceTree = "<group>"; };
/* End PBXFileReference section */

/* Begin PBXFrameworksBuildPhase section */
		6002595C1D5189C80079397A /* Frameworks */ = {
			isa = PBXFrameworksBuildPhase;
			buildActionMask = 2147483647;
			files = (
			);
			runOnlyForDeploymentPostprocessing = 0;
		};
/* End PBXFrameworksBuildPhase section */

/* Begin PBXGroup section */
		600259561D5189C80079397A = {
			isa = PBXGroup;
			children = (
				605C920A1D53153200BCF58F /* TKImageView */,
				600259611D5189C80079397A /* TKImageViewDemo */,
				600259601D5189C80079397A /* Products */,
			);
			sourceTree = "<group>";
		};
		600259601D5189C80079397A /* Products */ = {
			isa = PBXGroup;
			children = (
				6002595F1D5189C80079397A /* TKImageViewDemo.app */,
			);
			name = Products;
			sourceTree = "<group>";
		};
		600259611D5189C80079397A /* TKImageViewDemo */ = {
			isa = PBXGroup;
			children = (
				600259651D5189C80079397A /* AppDelegate.h */,
				600259661D5189C80079397A /* AppDelegate.m */,
				600259681D5189C80079397A /* ViewController.h */,
				600259691D5189C80079397A /* ViewController.m */,
				600259A41D518A930079397A /* CropImageViewController.h */,
				600259A51D518A930079397A /* CropImageViewController.m */,
				600259A61D518A930079397A /* CropImageViewController.xib */,
				60DAA02F1E21DBBA00C1CC19 /* CropResultViewController.h */,
				60DAA0301E21DBBA00C1CC19 /* CropResultViewController.m */,
				60DAA0311E21DBBA00C1CC19 /* CropResultViewController.xib */,
				6002596B1D5189C80079397A /* Main.storyboard */,
				6002596E1D5189C90079397A /* Assets.xcassets */,
				600259701D5189C90079397A /* LaunchScreen.storyboard */,
				600259731D5189C90079397A /* Info.plist */,
				600259621D5189C80079397A /* Supporting Files */,
			);
			path = TKImageViewDemo;
			sourceTree = "<group>";
		};
		600259621D5189C80079397A /* Supporting Files */ = {
			isa = PBXGroup;
			children = (
				600259631D5189C80079397A /* main.m */,
			);
			name = "Supporting Files";
			sourceTree = "<group>";
		};
		605C920A1D53153200BCF58F /* TKImageView */ = {
			isa = PBXGroup;
			children = (
				605C920B1D53153200BCF58F /* TKImageView.h */,
				605C920C1D53153200BCF58F /* TKImageView.m */,
			);
			path = TKImageView;
			sourceTree = "<group>";
		};
/* End PBXGroup section */

/* Begin PBXNativeTarget section */
		6002595E1D5189C80079397A /* TKImageViewDemo */ = {
			isa = PBXNativeTarget;
			buildConfigurationList = 600259761D5189C90079397A /* Build configuration list for PBXNativeTarget "TKImageViewDemo" */;
			buildPhases = (
				6002595B1D5189C80079397A /* Sources */,
				6002595C1D5189C80079397A /* Frameworks */,
				6002595D1D5189C80079397A /* Resources */,
			);
			buildRules = (
			);
			dependencies = (
			);
			name = TKImageViewDemo;
			productName = TKImageViewDemo;
			productReference = 6002595F1D5189C80079397A /* TKImageViewDemo.app */;
			productType = "com.apple.product-type.application";
		};
/* End PBXNativeTarget section */

/* Begin PBXProject section */
		600259571D5189C80079397A /* Project object */ = {
			isa = PBXProject;
			attributes = {
				LastUpgradeCheck = 0730;
				ORGANIZATIONNAME = yinyu;
				TargetAttributes = {
					6002595E1D5189C80079397A = {
						CreatedOnToolsVersion = 7.3;
						DevelopmentTeam = PKXNU99QLU;
						ProvisioningStyle = Automatic;
					};
				};
			};
			buildConfigurationList = 6002595A1D5189C80079397A /* Build configuration list for PBXProject "TKImageViewDemo" */;
			compatibilityVersion = "Xcode 3.2";
			developmentRegion = English;
			hasScannedForEncodings = 0;
			knownRegions = (
				en,
				Base,
			);
			mainGroup = 600259561D5189C80079397A;
			productRefGroup = 600259601D5189C80079397A /* Products */;
			projectDirPath = "";
			projectRoot = "";
			targets = (
				6002595E1D5189C80079397A /* TKImageViewDemo */,
			);
		};
/* End PBXProject section */

/* Begin PBXResourcesBuildPhase section */
		6002595D1D5189C80079397A /* Resources */ = {
			isa = PBXResourcesBuildPhase;
			buildActionMask = 2147483647;
			files = (
				600259A81D518A930079397A /* CropImageViewController.xib in Resources */,
				600259721D5189C90079397A /* LaunchScreen.storyboard in Resources */,
				6002596F1D5189C90079397A /* Assets.xcassets in Resources */,
				60DAA0331E21DBBA00C1CC19 /* CropResultViewController.xib in Resources */,
				6002596D1D5189C80079397A /* Main.storyboard in Resources */,
			);
			runOnlyForDeploymentPostprocessing = 0;
		};
/* End PBXResourcesBuildPhase section */

/* Begin PBXSourcesBuildPhase section */
		6002595B1D5189C80079397A /* Sources */ = {
			isa = PBXSourcesBuildPhase;
			buildActionMask = 2147483647;
			files = (
				6002596A1D5189C80079397A /* ViewController.m in Sources */,
				600259671D5189C80079397A /* AppDelegate.m in Sources */,
				600259641D5189C80079397A /* main.m in Sources */,
				60DAA0321E21DBBA00C1CC19 /* CropResultViewController.m in Sources */,
				600259A71D518A930079397A /* CropImageViewController.m in Sources */,
				605C920D1D53153200BCF58F /* TKImageView.m in Sources */,
			);
			runOnlyForDeploymentPostprocessing = 0;
		};
/* End PBXSourcesBuildPhase section */

/* Begin PBXVariantGroup section */
		6002596B1D5189C80079397A /* Main.storyboard */ = {
			isa = PBXVariantGroup;
			children = (
				6002596C1D5189C80079397A /* Base */,
			);
			name = Main.storyboard;
			sourceTree = "<group>";
		};
		600259701D5189C90079397A /* LaunchScreen.storyboard */ = {
			isa = PBXVariantGroup;
			children = (
				600259711D5189C90079397A /* Base */,
			);
			name = LaunchScreen.storyboard;
			sourceTree = "<group>";
		};
/* End PBXVariantGroup section */

/* Begin XCBuildConfiguration section */
		600259741D5189C90079397A /* Debug */ = {
			isa = XCBuildConfiguration;
			buildSettings = {
				ALWAYS_SEARCH_USER_PATHS = NO;
				CLANG_ANALYZER_NONNULL = YES;
				CLANG_CXX_LANGUAGE_STANDARD = "gnu++0x";
				CLANG_CXX_LIBRARY = "libc++";
				CLANG_ENABLE_MODULES = YES;
				CLANG_ENABLE_OBJC_ARC = YES;
				CLANG_WARN_BOOL_CONVERSION = YES;
				CLANG_WARN_CONSTANT_CONVERSION = YES;
				CLANG_WARN_DIRECT_OBJC_ISA_USAGE = YES_ERROR;
				CLANG_WARN_EMPTY_BODY = YES;
				CLANG_WARN_ENUM_CONVERSION = YES;
				CLANG_WARN_INT_CONVERSION = YES;
				CLANG_WARN_OBJC_ROOT_CLASS = YES_ERROR;
				CLANG_WARN_UNREACHABLE_CODE = YES;
				CLANG_WARN__DUPLICATE_METHOD_MATCH = YES;
				CODE_SIGN_IDENTITY = "";
				"CODE_SIGN_IDENTITY[sdk=iphoneos*]" = "";
				COPY_PHASE_STRIP = NO;
				DEBUG_INFORMATION_FORMAT = dwarf;
				DEVELOPMENT_TEAM = PKXNU99QLU;
				ENABLE_STRICT_OBJC_MSGSEND = YES;
				ENABLE_TESTABILITY = YES;
				GCC_C_LANGUAGE_STANDARD = gnu99;
				GCC_DYNAMIC_NO_PIC = NO;
				GCC_NO_COMMON_BLOCKS = YES;
				GCC_OPTIMIZATION_LEVEL = 0;
				GCC_PREPROCESSOR_DEFINITIONS = (
					"DEBUG=1",
					"$(inherited)",
				);
				GCC_WARN_64_TO_32_BIT_CONVERSION = YES;
				GCC_WARN_ABOUT_RETURN_TYPE = YES_ERROR;
				GCC_WARN_UNDECLARED_SELECTOR = YES;
				GCC_WARN_UNINITIALIZED_AUTOS = YES_AGGRESSIVE;
				GCC_WARN_UNUSED_FUNCTION = YES;
				GCC_WARN_UNUSED_VARIABLE = YES;
				IPHONEOS_DEPLOYMENT_TARGET = 8.0;
				MTL_ENABLE_DEBUG_INFO = YES;
				ONLY_ACTIVE_ARCH = YES;
				PROVISIONING_PROFILE = "e50bfaf9-4bb3-45dd-84a8-ed883a61102b";
				SDKROOT = iphoneos;
			};
			name = Debug;
		};
		600259751D5189C90079397A /* Release */ = {
			isa = XCBuildConfiguration;
			buildSettings = {
				ALWAYS_SEARCH_USER_PATHS = NO;
				CLANG_ANALYZER_NONNULL = YES;
				CLANG_CXX_LANGUAGE_STANDARD = "gnu++0x";
				CLANG_CXX_LIBRARY = "libc++";
				CLANG_ENABLE_MODULES = YES;
				CLANG_ENABLE_OBJC_ARC = YES;
				CLANG_WARN_BOOL_CONVERSION = YES;
				CLANG_WARN_CONSTANT_CONVERSION = YES;
				CLANG_WARN_DIRECT_OBJC_ISA_USAGE = YES_ERROR;
				CLANG_WARN_EMPTY_BODY = YES;
				CLANG_WARN_ENUM_CONVERSION = YES;
				CLANG_WARN_INT_CONVERSION = YES;
				CLANG_WARN_OBJC_ROOT_CLASS = YES_ERROR;
				CLANG_WARN_UNREACHABLE_CODE = YES;
				CLANG_WARN__DUPLICATE_METHOD_MATCH = YES;
				CODE_SIGN_IDENTITY = "";
				"CODE_SIGN_IDENTITY[sdk=iphoneos*]" = "";
				COPY_PHASE_STRIP = NO;
				DEBUG_INFORMATION_FORMAT = "dwarf-with-dsym";
				DEVELOPMENT_TEAM = PKXNU99QLU;
				ENABLE_NS_ASSERTIONS = NO;
				ENABLE_STRICT_OBJC_MSGSEND = YES;
				GCC_C_LANGUAGE_STANDARD = gnu99;
				GCC_NO_COMMON_BLOCKS = YES;
				GCC_WARN_64_TO_32_BIT_CONVERSION = YES;
				GCC_WARN_ABOUT_RETURN_TYPE = YES_ERROR;
				GCC_WARN_UNDECLARED_SELECTOR = YES;
				GCC_WARN_UNINITIALIZED_AUTOS = YES_AGGRESSIVE;
				GCC_WARN_UNUSED_FUNCTION = YES;
				GCC_WARN_UNUSED_VARIABLE = YES;
				IPHONEOS_DEPLOYMENT_TARGET = 8.0;
				MTL_ENABLE_DEBUG_INFO = NO;
				PROVISIONING_PROFILE = "e50bfaf9-4bb3-45dd-84a8-ed883a61102b";
				SDKROOT = iphoneos;
				VALIDATE_PRODUCT = YES;
			};
			name = Release;
		};
		600259771D5189C90079397A /* Debug */ = {
			isa = XCBuildConfiguration;
			buildSettings = {
				ASSETCATALOG_COMPILER_APPICON_NAME = AppIcon;
				CODE_SIGN_IDENTITY = "iPhone Developer: pengfei zhou (CM3NGH4X7L)";
				"CODE_SIGN_IDENTITY[sdk=iphoneos*]" = "iPhone Developer";
				DEVELOPMENT_TEAM = PKXNU99QLU;
				INFOPLIST_FILE = TKImageViewDemo/Info.plist;
				LD_RUNPATH_SEARCH_PATHS = "$(inherited) @executable_path/Frameworks";
				PRODUCT_BUNDLE_IDENTIFIER = com.yinyu.TKImageViewDemo;
				PRODUCT_NAME = "$(TARGET_NAME)";
				PROVISIONING_PROFILE = "";
				PROVISIONING_PROFILE_SPECIFIER = "";
			};
			name = Debug;
		};
		600259781D5189C90079397A /* Release */ = {
			isa = XCBuildConfiguration;
			buildSettings = {
				ASSETCATALOG_COMPILER_APPICON_NAME = AppIcon;
				CODE_SIGN_IDENTITY = "iPhone Developer: pengfei zhou (CM3NGH4X7L)";
				"CODE_SIGN_IDENTITY[sdk=iphoneos*]" = "iPhone Developer";
				DEVELOPMENT_TEAM = PKXNU99QLU;
				INFOPLIST_FILE = TKImageViewDemo/Info.plist;
				LD_RUNPATH_SEARCH_PATHS = "$(inherited) @executable_path/Frameworks";
				PRODUCT_BUNDLE_IDENTIFIER = com.yinyu.TKImageViewDemo;
				PRODUCT_NAME = "$(TARGET_NAME)";
				PROVISIONING_PROFILE = "";
				PROVISIONING_PROFILE_SPECIFIER = "";
			};
			name = Release;
		};
/* End XCBuildConfiguration section */

/* Begin XCConfigurationList section */
		6002595A1D5189C80079397A /* Build configuration list for PBXProject "TKImageViewDemo" */ = {
			isa = XCConfigurationList;
			buildConfigurations = (
				600259741D5189C90079397A /* Debug */,
				600259751D5189C90079397A /* Release */,
			);
			defaultConfigurationIsVisible = 0;
			defaultConfigurationName = Release;
		};
		600259761D5189C90079397A /* Build configuration list for PBXNativeTarget "TKImageViewDemo" */ = {
			isa = XCConfigurationList;
			buildConfigurations = (
				600259771D5189C90079397A /* Debug */,
				600259781D5189C90079397A /* Release */,
			);
			defaultConfigurationIsVisible = 0;
			defaultConfigurationName = Release;
		};
/* End XCConfigurationList section */
	};
	rootObject = 600259571D5189C80079397A /* Project object */;
}
